
Microsoft Visual Studio Solution File, Format Version 12.00
# Visual Studio Version 16
VisualStudioVersion = 16.0.32228.343
MinimumVisualStudioVersion = 10.0.40219.1
Project("{FAE04EC0-301F-11D3-BF4B-00C04F79EFBC}") = "01. Black Flag", "01. Black Flag\01. Black Flag.csproj", "{AC0992A2-CDA5-4CE4-85EE-C9B47F39167F}"
EndProject
Project("{FAE04EC0-301F-11D3-BF4B-00C04F79EFBC}") = "02. Treasure Hunt", "02. Treasure Hunt\02. Treasure Hunt.csproj", "{24A6781A-E850-4001-8AD1-B5F111E3C819}"
EndProject
Project("{FAE04EC0-301F-11D3-BF4B-00C04F79EFBC}") = "03. Man O War", "03. Man O War\03. Man O War.csproj", "{0B34EF74-1ACB-4F59-9BC7-4ECDD9D62D3E}"
EndProject
Global
	GlobalSection(SolutionConfigurationPlatforms) = preSolution
		Debug|Any CPU = Debug|Any CPU
		Release|Any CPU = Release|Any CPU
	EndGlobalSection
	GlobalSection(ProjectConfigurationPlatforms) = postSolution
		{AC0992A2-CDA5-4CE4-85EE-C9B47F39167F}.Debug|Any CPU.ActiveCfg = Debug|Any CPU
		{AC0992A2-CDA5-4CE4-85EE-C9B47F39167F}.Debug|Any CPU.Build.0 = Debug|Any CPU
		{AC0992A2-CDA5-4CE4-85EE-C9B47F39167F}.Release|Any CPU.ActiveCfg = Release|Any CPU
		{AC0992A2-CDA5-4CE4-85EE-C9B47F39167F}.Release|Any CPU.Build.0 = Release|Any CPU
		{24A6781A-E850-4001-8AD1-B5F111E3C819}.Debug|Any CPU.ActiveCfg = Debug|Any CPU
		{24A6781A-E850-4001-8AD1-B5F111E3C819}.Debug|Any CPU.Build.0 = Debug|Any CPU
		{24A6781A-E850-4001-8AD1-B5F111E3C819}.Release|Any CPU.ActiveCfg = Release|Any CPU
		{24A6781A-E850-4001-8AD1-B5F111E3C819}.Release|Any CPU.Build.0 = Release|Any CPU
		{0B34EF74-1ACB-4F59-9BC7-4ECDD9D62D3E}.Debug|Any CPU.ActiveCfg = Debug|Any CPU
		{0B34EF74-1ACB-4F59-9BC7-4ECDD9D62D3E}.Debug|Any CPU.Build.0 = Debug|Any CPU
		{0B34EF74-1ACB-4F59-9BC7-4ECDD9D62D3E}.Release|Any CPU.ActiveCfg = Release|Any CPU
		{0B34EF74-1ACB-4F59-9BC7-4ECDD9D62D3E}.Release|Any CPU.Build.0 = Release|Any CPU
	EndGlobalSection
	GlobalSection(SolutionProperties) = preSolution
		HideSolutionNode = FALSE
	EndGlobalSection
	GlobalSection(ExtensibilityGlobals) = postSolution
		SolutionGuid = {8CCABC5E-1342-4D26-AFE0-B87A9DE77105}
	EndGlobalSection
EndGlobal
